
Microsoft Visual Studio Solution File, Format Version 12.00
# Visual Studio 14
VisualStudioVersion = 14.0.25420.1
MinimumVisualStudioVersion = 10.0.40219.1
Project("{FAE04EC0-301F-11D3-BF4B-00C04F79EFBC}") = "JunctionMoverShell", "JunctionMoverShell\JunctionMoverShell.csproj", "{DA0DFFD4-7547-4A64-8D5E-3B635FDEC1EC}"
EndProject
Project("{FAE04EC0-301F-11D3-BF4B-00C04F79EFBC}") = "JunctionMoverShell.Model", "JunctionMoverShell.Model\JunctionMoverShell.Model.csproj", "{23E6C63F-3764-4338-90BB-E4D746C3C802}"
EndProject
Global
	GlobalSection(SolutionConfigurationPlatforms) = preSolution
		Debug|Any CPU = Debug|Any CPU
		Release|Any CPU = Release|Any CPU
	EndGlobalSection
	GlobalSection(ProjectConfigurationPlatforms) = postSolution
		{DA0DFFD4-7547-4A64-8D5E-3B635FDEC1EC}.Debug|Any CPU.ActiveCfg = Debug|Any CPU
		{DA0DFFD4-7547-4A64-8D5E-3B635FDEC1EC}.Debug|Any CPU.Build.0 = Debug|Any CPU
		{DA0DFFD4-7547-4A64-8D5E-3B635FDEC1EC}.Release|Any CPU.ActiveCfg = Release|Any CPU
		{DA0DFFD4-7547-4A64-8D5E-3B635FDEC1EC}.Release|Any CPU.Build.0 = Release|Any CPU
		{23E6C63F-3764-4338-90BB-E4D746C3C802}.Debug|Any CPU.ActiveCfg = Debug|Any CPU
		{23E6C63F-3764-4338-90BB-E4D746C3C802}.Debug|Any CPU.Build.0 = Debug|Any CPU
		{23E6C63F-3764-4338-90BB-E4D746C3C802}.Release|Any CPU.ActiveCfg = Release|Any CPU
		{23E6C63F-3764-4338-90BB-E4D746C3C802}.Release|Any CPU.Build.0 = Release|Any CPU
	EndGlobalSection
	GlobalSection(SolutionProperties) = preSolution
		HideSolutionNode = FALSE
	EndGlobalSection
EndGlobal
